# THIS IS AN AUTOGENERATED FILE. DO NOT EDIT THIS FILE DIRECTLY.
# yarn lockfile v1


collapse-white-space@^2.0.0:
  version "2.0.0"
  resolved "https://registry.yarnpkg.com/collapse-white-space/-/collapse-white-space-2.0.0.tgz#37d8521344cdd36635db180a7c83e9d515ac281b"
  integrity sha512-eh9krktAIMDL0KHuN7WTBJ/0PMv8KUvfQRBkIlGmW61idRM2DJjgd1qXEPr4wyk2PimZZeNww3RVYo6CMvDGlg==

colors@^1.4.0:
  version "1.4.0"
  resolved "https://registry.yarnpkg.com/colors/-/colors-1.4.0.tgz#c50491479d4c1bdaed2c9ced32cf7c7dc2360f78"
  integrity sha512-a+UqTh4kgZg/SlGvfbzDHpgRu7AAQOmmqRHJnxhRZICKFUT91brVhNNt58CMWU9PsBbv3PDCZUHbVxuDiH2mtA==

franc@^6.0.0:
  version "6.0.0"
  resolved "https://registry.yarnpkg.com/franc/-/franc-6.0.0.tgz#386eb6a4123f5fd67fcb69f69bf86797278a045b"
  integrity sha512-kkdxPegeNzYrvZK0IiQUdJySzFeZkdXFdz8aqe076LtTMSrZk+G9MNsYWhoYEL+mX94VZaftJaxOMx/vlMM9IQ==
  dependencies:
    trigram-utils "^2.0.0"

langs@^2.0.0:
  version "2.0.0"
  resolved "https://registry.yarnpkg.com/langs/-/langs-2.0.0.tgz#00c32ce48152a49a614450b9ba2632ab58a0a364"
  integrity sha1-AMMs5IFSpJphRFC5uiYyq1igo2Q=

n-gram@^2.0.0:
  version "2.0.1"
  resolved "https://registry.yarnpkg.com/n-gram/-/n-gram-2.0.1.tgz#055adb9d4e12e16205b95e6213b9b865e611bc81"
  integrity sha512-ECtaRCOsPvqdTMI7SAFVaPaHv1ofhGqstphMFDWF3yrOaJcFsaCTpTREjYaPYpMC1nzJdewuiqvYXGM9W+Radw==

trigram-utils@^2.0.0:
  version "2.0.0"
  resolved "https://registry.yarnpkg.com/trigram-utils/-/trigram-utils-2.0.0.tgz#22797fcd6f355ad9a80fd1c0f121ce8acaaca4a7"
  integrity sha512-ss62Zy8WVu+oaR0FdzxXwzndVxe/MYwPulgkz003+bnS3EuaE6rFg7x229gkjuYro0C1RQwO7fa3st+OLqfukg==
  dependencies:
    collapse-white-space "^2.0.0"
    n-gram "^2.0.0"
